{
  "name": "rsx-manual-test-app",
  "version": "0.1.0",
  "lockfileVersion": 3,
  "requires": true,
  "packages": {
    "": {
      "name": "rsx-manual-test-app",
      "version": "0.1.0",
      "dependencies": {
        "@rs-x/core": "file:../rs-x-core",
        "@rs-x/expression-parser": "file:../rs-x-expression-parser",
        "@rs-x/state-manager": "file:../rs-x-state-manager"
      },
      "devDependencies": {
        "@rs-x/cli": "file:../rs-x-cli",
        "@rs-x/compiler": "file:../rs-x-compiler",
        "@rs-x/typescript-plugin": "file:../rs-x-typescript-plugin",
        "typescript": "^5.9.3"
      }
    },
    "../rs-x-cli": {
      "name": "@rs-x/cli",
      "version": "1.0.2",
      "dev": true,
      "bin": {
        "rsx": "bin/rsx.cjs"
      },
      "engines": {
        "node": ">=20"
      }
    },
    "../rs-x-compiler": {
      "name": "@rs-x/compiler",
      "version": "1.0.2",
      "dev": true,
      "dependencies": {
        "@rs-x/expression-parser": "workspace:*",
        "typescript": "^5.9.3"
      },
      "devDependencies": {
        "globals": "^17.3.0",
        "rimraf": "^6.1.2",
        "tsup": "^8.5.1"
      },
      "engines": {
        "node": ">=24"
      }
    },
    "../rs-x-core": {
      "name": "@rs-x/core",
      "version": "1.0.2",
      "dependencies": {
        "fast-equals": "^5.3.2",
        "inversify": "^7.1.0",
        "lodash.clonedeepwith": "^4.5.0",
        "reflect-metadata": "^0.2.2"
      },
      "devDependencies": {
        "globals": "^17.3.0",
        "rimraf": "^6.1.2",
        "tsup": "^8.5.1"
      },
      "engines": {
        "node": ">=24"
      },
      "peerDependencies": {
        "rxjs": "^7.8.2"
      },
      "peerDependenciesMeta": {
        "rxjs": {
          "optional": false
        }
      }
    },
    "../rs-x-expression-parser": {
      "name": "@rs-x/expression-parser",
      "version": "1.0.2",
      "dependencies": {
        "@rs-x/core": "workspace:*",
        "@rs-x/state-manager": "workspace:*",
        "@types/espree": "11.1.0",
        "astring": "^1.9.0"
      },
      "devDependencies": {
        "globals": "^17.3.0",
        "rimraf": "^6.1.2",
        "tsup": "^8.5.1"
      },
      "engines": {
        "node": ">=24"
      },
      "peerDependencies": {
        "rxjs": "^7.8.0"
      },
      "peerDependenciesMeta": {
        "rxjs": {
          "optional": false
        }
      }
    },
    "../rs-x-state-manager": {
      "name": "@rs-x/state-manager",
      "version": "1.0.2",
      "dependencies": {
        "@rs-x/core": "workspace:*"
      },
      "devDependencies": {
        "globals": "^17.3.0",
        "rimraf": "^6.1.2",
        "tsup": "^8.5.1"
      },
      "engines": {
        "node": ">=24"
      },
      "peerDependencies": {
        "rxjs": "^7.8.0"
      }
    },
    "../rs-x-typescript-plugin": {
      "name": "@rs-x/typescript-plugin",
      "version": "1.0.2",
      "dev": true,
      "dependencies": {
        "@rs-x/compiler": "workspace:*"
      },
      "devDependencies": {
        "rimraf": "^6.1.2",
        "tsup": "^8.5.1",
        "typescript": "^5.9.3"
      },
      "engines": {
        "node": ">=20"
      }
    },
    "node_modules/@rs-x/cli": {
      "resolved": "../rs-x-cli",
      "link": true
    },
    "node_modules/@rs-x/compiler": {
      "resolved": "../rs-x-compiler",
      "link": true
    },
    "node_modules/@rs-x/core": {
      "resolved": "../rs-x-core",
      "link": true
    },
    "node_modules/@rs-x/expression-parser": {
      "resolved": "../rs-x-expression-parser",
      "link": true
    },
    "node_modules/@rs-x/state-manager": {
      "resolved": "../rs-x-state-manager",
      "link": true
    },
    "node_modules/@rs-x/typescript-plugin": {
      "resolved": "../rs-x-typescript-plugin",
      "link": true
    },
    "node_modules/typescript": {
      "version": "5.9.3",
      "resolved": "https://registry.npmjs.org/typescript/-/typescript-5.9.3.tgz",
      "integrity": "sha512-jl1vZzPDinLr9eUt3J/t7V6FgNEw9QjvBPdysz9KfQDD41fQrC2Y4vKQdiaUpFT4bXlb1RHhLpp8wtm6M5TgSw==",
      "dev": true,
      "license": "Apache-2.0",
      "bin": {
        "tsc": "bin/tsc",
        "tsserver": "bin/tsserver"
      },
      "engines": {
        "node": ">=14.17"
      }
    }
  }
}
